{
  "lockfile_version": "1",
  "packages": {
    "github:NixOS/nixpkgs/nixpkgs-unstable": {
      "resolved": "github:NixOS/nixpkgs/1750f3c1c89488e2ffdd47cab9d05454dddfb734?lastModified=1742800061&narHash=sha256-oDJGK1UMArK52vcW9S5S2apeec4rbfNELgc50LqiPNs%3D"
    },
    "nodejs@22": {
      "last_modified": "2025-03-11T17:52:14Z",
      "plugin_version": "0.0.2",
      "resolved": "github:NixOS/nixpkgs/0d534853a55b5d02a4ababa1d71921ce8f0aee4c#nodejs_22",
      "source": "devbox-search",
      "version": "22.14.0",
      "systems": {
        "aarch64-darwin": {
          "outputs": [
            {
              "name": "out",
              "path": "/nix/store/gxr9abzyqmva25p3k142qs1djj9q5fqw-nodejs-22.14.0",
              "default": true
            },
            {
              "name": "libv8",
              "path": "/nix/store/q6xnd2kar3sh0jnwic7z2k0fm3450xrs-nodejs-22.14.0-libv8"
            }
          ],
          "store_path": "/nix/store/gxr9abzyqmva25p3k142qs1djj9q5fqw-nodejs-22.14.0"
        },
        "aarch64-linux": {
          "outputs": [
            {
              "name": "out",
              "path": "/nix/store/5baih13vgavgia3889wsvh4n4z0mkawd-nodejs-22.14.0",
              "default": true
            },
            {
              "name": "libv8",
              "path": "/nix/store/5qv5cl1s9hjhyjhd4nmgndf1ccf3mc4r-nodejs-22.14.0-libv8"
            }
          ],
          "store_path": "/nix/store/5baih13vgavgia3889wsvh4n4z0mkawd-nodejs-22.14.0"
        },
        "x86_64-darwin": {
          "outputs": [
            {
              "name": "out",
              "path": "/nix/store/8b56xv3fa7v0w0kpr2yvkxq6cb2kknd0-nodejs-22.14.0",
              "default": true
            },
            {
              "name": "libv8",
              "path": "/nix/store/jg0m7pq2hvqrkm1vx22sghqvc9vnn35h-nodejs-22.14.0-libv8"
            }
          ],
          "store_path": "/nix/store/8b56xv3fa7v0w0kpr2yvkxq6cb2kknd0-nodejs-22.14.0"
        },
        "x86_64-linux": {
          "outputs": [
            {
              "name": "out",
              "path": "/nix/store/87hsv7pc321h80j7223209nxc8vmabqb-nodejs-22.14.0",
              "default": true
            },
            {
              "name": "libv8",
              "path": "/nix/store/hs3x57x6gw75sgwa081d3ir63rz7phmb-nodejs-22.14.0-libv8"
            }
          ],
          "store_path": "/nix/store/87hsv7pc321h80j7223209nxc8vmabqb-nodejs-22.14.0"
        }
      }
    },
    "pnpm@latest": {
      "last_modified": "2025-03-16T16:17:41Z",
      "resolved": "github:NixOS/nixpkgs/8f76cf16b17c51ae0cc8e55488069593f6dab645#pnpm",
      "source": "devbox-search",
      "version": "10.6.3",
      "systems": {
        "aarch64-darwin": {
          "outputs": [
            {
              "name": "out",
              "path": "/nix/store/l0y8lg6hf8d3dcqlblf6azg3pgrmxk3h-pnpm-10.6.3",
              "default": true
            }
          ],
          "store_path": "/nix/store/l0y8lg6hf8d3dcqlblf6azg3pgrmxk3h-pnpm-10.6.3"
        },
        "aarch64-linux": {
          "outputs": [
            {
              "name": "out",
              "path": "/nix/store/hz3gb73iijipqvf8ghid066pdhg1gbx5-pnpm-10.6.3",
              "default": true
            }
          ],
          "store_path": "/nix/store/hz3gb73iijipqvf8ghid066pdhg1gbx5-pnpm-10.6.3"
        },
        "x86_64-darwin": {
          "outputs": [
            {
              "name": "out",
              "path": "/nix/store/73n49s5icjskippv48pn4swgr1qsxllv-pnpm-10.6.3",
              "default": true
            }
          ],
          "store_path": "/nix/store/73n49s5icjskippv48pn4swgr1qsxllv-pnpm-10.6.3"
        },
        "x86_64-linux": {
          "outputs": [
            {
              "name": "out",
              "path": "/nix/store/nrx9a9adgnhspm5lqgcyl9vycsyqwfyh-pnpm-10.6.3",
              "default": true
            }
          ],
          "store_path": "/nix/store/nrx9a9adgnhspm5lqgcyl9vycsyqwfyh-pnpm-10.6.3"
        }
      }
    }
  }
}
