{
  "lockfile_version": "1",
  "packages": {
    "github:NixOS/nixpkgs/nixpkgs-unstable": {
      "resolved": "github:NixOS/nixpkgs/1750f3c1c89488e2ffdd47cab9d05454dddfb734?lastModified=1742800061&narHash=sha256-oDJGK1UMArK52vcW9S5S2apeec4rbfNELgc50LqiPNs%3D"
    },
    "nodejs@20": {
      "last_modified": "2025-03-16T23:54:35Z",
      "plugin_version": "0.0.2",
      "resolved": "github:NixOS/nixpkgs/5d9b5431f967007b3952c057fc92af49a4c5f3b2#nodejs_20",
      "source": "devbox-search",
      "version": "20.19.0",
      "systems": {
        "aarch64-darwin": {
          "outputs": [
            {
              "name": "out",
              "path": "/nix/store/4i96rnl7hdzm3k3w36gx7d2p1af3b64q-nodejs-20.19.0",
              "default": true
            },
            {
              "name": "libv8",
              "path": "/nix/store/dvr6jyyhygpci5yj5mdl3p0xi2qcm02g-nodejs-20.19.0-libv8"
            }
          ],
          "store_path": "/nix/store/4i96rnl7hdzm3k3w36gx7d2p1af3b64q-nodejs-20.19.0"
        },
        "aarch64-linux": {
          "outputs": [
            {
              "name": "out",
              "path": "/nix/store/vr3nq0bhrwlnm2prrcwk2m947smfpi87-nodejs-20.19.0",
              "default": true
            },
            {
              "name": "libv8",
              "path": "/nix/store/7xdmbic7ndn40ihqs9fgawcnr8x090nj-nodejs-20.19.0-libv8"
            }
          ],
          "store_path": "/nix/store/vr3nq0bhrwlnm2prrcwk2m947smfpi87-nodejs-20.19.0"
        },
        "x86_64-darwin": {
          "outputs": [
            {
              "name": "out",
              "path": "/nix/store/jjg81i76garf5jii7vyfm5a2dnlng3gi-nodejs-20.19.0",
              "default": true
            },
            {
              "name": "libv8",
              "path": "/nix/store/l90bx7jan3fx5r6z3zn1qya8ans38hrq-nodejs-20.19.0-libv8"
            }
          ],
          "store_path": "/nix/store/jjg81i76garf5jii7vyfm5a2dnlng3gi-nodejs-20.19.0"
        },
        "x86_64-linux": {
          "outputs": [
            {
              "name": "out",
              "path": "/nix/store/088a1y8kvrmvi7vm5ff67hg7c4hcnqg7-nodejs-20.19.0",
              "default": true
            },
            {
              "name": "libv8",
              "path": "/nix/store/njqqwr5311xmnm05ms3n7b8piwnyq7x1-nodejs-20.19.0-libv8"
            }
          ],
          "store_path": "/nix/store/088a1y8kvrmvi7vm5ff67hg7c4hcnqg7-nodejs-20.19.0"
        }
      }
    },
    "pnpm@latest": {
      "last_modified": "2025-03-16T16:17:41Z",
      "resolved": "github:NixOS/nixpkgs/8f76cf16b17c51ae0cc8e55488069593f6dab645#pnpm",
      "source": "devbox-search",
      "version": "10.6.3",
      "systems": {
        "aarch64-darwin": {
          "outputs": [
            {
              "name": "out",
              "path": "/nix/store/l0y8lg6hf8d3dcqlblf6azg3pgrmxk3h-pnpm-10.6.3",
              "default": true
            }
          ],
          "store_path": "/nix/store/l0y8lg6hf8d3dcqlblf6azg3pgrmxk3h-pnpm-10.6.3"
        },
        "aarch64-linux": {
          "outputs": [
            {
              "name": "out",
              "path": "/nix/store/hz3gb73iijipqvf8ghid066pdhg1gbx5-pnpm-10.6.3",
              "default": true
            }
          ],
          "store_path": "/nix/store/hz3gb73iijipqvf8ghid066pdhg1gbx5-pnpm-10.6.3"
        },
        "x86_64-darwin": {
          "outputs": [
            {
              "name": "out",
              "path": "/nix/store/73n49s5icjskippv48pn4swgr1qsxllv-pnpm-10.6.3",
              "default": true
            }
          ],
          "store_path": "/nix/store/73n49s5icjskippv48pn4swgr1qsxllv-pnpm-10.6.3"
        },
        "x86_64-linux": {
          "outputs": [
            {
              "name": "out",
              "path": "/nix/store/nrx9a9adgnhspm5lqgcyl9vycsyqwfyh-pnpm-10.6.3",
              "default": true
            }
          ],
          "store_path": "/nix/store/nrx9a9adgnhspm5lqgcyl9vycsyqwfyh-pnpm-10.6.3"
        }
      }
    }
  }
}
